{
    "_readme": [
        "This file locks the dependencies of your project to a known state",
        "Read more about it at https://getcomposer.org/doc/01-basic-usage.md#composer-lock-the-lock-file",
        "This file is @generated automatically"
    ],
    "hash": "f17ef4fae49acc9e4b8ae5ef67c324b2",
    "content-hash": "0348a8da33f684a51cbac5f9f0e823b7",
    "packages": [
        {
            "name": "cron/cron",
            "version": "1.0.8",
            "source": {
                "type": "git",
                "url": "https://github.com/Cron/Cron.git",
                "reference": "aacaf0f550be2984276a8de2921f8e7b84a53cb2"
            },
            "dist": {
                "type": "zip",
                "url": "https://api.github.com/repos/Cron/Cron/zipball/aacaf0f550be2984276a8de2921f8e7b84a53cb2",
                "reference": "aacaf0f550be2984276a8de2921f8e7b84a53cb2",
                "shasum": ""
            },
            "require": {
                "php": ">=5.3",
                "symfony/process": "^2.4|^3.0"
            },
            "require-dev": {
                "phpunit/phpunit": "^4.7"
            },
            "type": "library",
            "extra": {
                "branch-alias": {
                    "dev-master": "1.0-dev"
                }
            },
            "autoload": {
                "psr-0": {
                    "Cron": "src/"
                }
            },
            "notification-url": "https://packagist.org/downloads/",
            "license": [
                "MIT"
            ],
            "authors": [
                {
                    "name": "Dries De Peuter",
                    "email": "dries@nousefreak.be"
                }
            ],
            "description": "Cronjobs",
            "time": "2015-12-14 21:08:51"
        },
        {
            "name": "symfony/process",
            "version": "v3.0.1",
            "source": {
                "type": "git",
                "url": "https://github.com/symfony/process.git",
                "reference": "f4794f1d00f0746621be3020ffbd8c5e0b217ee3"
            },
            "dist": {
                "type": "zip",
                "url": "https://api.github.com/repos/symfony/process/zipball/f4794f1d00f0746621be3020ffbd8c5e0b217ee3",
                "reference": "f4794f1d00f0746621be3020ffbd8c5e0b217ee3",
                "shasum": ""
            },
            "require": {
                "php": ">=5.5.9"
            },
            "type": "library",
            "extra": {
                "branch-alias": {
                    "dev-master": "3.0-dev"
                }
            },
            "autoload": {
                "psr-4": {
                    "Symfony\\Component\\Process\\": ""
                },
                "exclude-from-classmap": [
                    "/Tests/"
                ]
            },
            "notification-url": "https://packagist.org/downloads/",
            "license": [
                "MIT"
            ],
            "authors": [
                {
                    "name": "Fabien Potencier",
                    "email": "fabien@symfony.com"
                },
                {
                    "name": "Symfony Community",
                    "homepage": "https://symfony.com/contributors"
                }
            ],
            "description": "Symfony Process Component",
            "homepage": "https://symfony.com",
            "time": "2015-12-23 11:04:02"
        }
    ],
    "packages-dev": [],
    "aliases": [],
    "minimum-stability": "stable",
    "stability-flags": [],
    "prefer-stable": false,
    "prefer-lowest": false,
    "platform": [],
    "platform-dev": []
}
